PODS:
  - Crashlytics (3.8.4):
    - Fabric (~> 1.6.3)
  - Fabric (1.6.11)
  - FBSnapshotTestCase (2.1.4):
    - FBSnapshotTestCase/SwiftSupport (= 2.1.4)
  - FBSnapshotTestCase/Core (2.1.4)
  - FBSnapshotTestCase/SwiftSupport (2.1.4):
    - FBSnapshotTestCase/Core
  - FirebaseAnalytics (3.7.0):
    - FirebaseCore (~> 3.5)
    - FirebaseInstanceID (~> 1.0)
    - GoogleToolboxForMac/NSData+zlib (~> 2.1)
  - FirebaseCore (3.5.2):
    - GoogleToolboxForMac/NSData+zlib (~> 2.1)
  - FirebaseInstanceID (1.0.9)
  - Google/Analytics (3.0.3):
    - Google/Core
    - GoogleAnalytics (~> 3.12)
  - Google/Core (3.0.3):
    - FirebaseAnalytics (~> 3.2)
  - GoogleAnalytics (3.17.0)
  - GoogleMaps (2.2.0):
    - GoogleMaps/Maps (= 2.2.0)
  - GoogleMaps/Base (2.2.0)
  - GoogleMaps/Maps (2.2.0):
    - GoogleMaps/Base
  - GoogleToolboxForMac/Defines (2.1.1)
  - GoogleToolboxForMac/NSData+zlib (2.1.1):
    - GoogleToolboxForMac/Defines (= 2.1.1)
  - MaterialComponents/AnimationTiming (23.0.0)
  - MaterialComponents/Buttons (23.0.0):
    - MaterialComponents/Ink
    - MaterialComponents/ShadowElevations
    - MaterialComponents/ShadowLayer
    - MaterialComponents/Typography
    - MDFTextAccessibility
  - MaterialComponents/Ink (23.0.0)
  - MaterialComponents/OverlayWindow (23.0.0):
    - MaterialComponents/private/Application
  - MaterialComponents/private/Application (23.0.0)
  - MaterialComponents/private/KeyboardWatcher (23.0.0):
    - MaterialComponents/private/Application
  - MaterialComponents/private/Overlay (23.0.0)
  - MaterialComponents/ShadowElevations (23.0.0)
  - MaterialComponents/ShadowLayer (23.0.0)
  - MaterialComponents/Snackbar (23.0.0):
    - MaterialComponents/AnimationTiming
    - MaterialComponents/Buttons
    - MaterialComponents/OverlayWindow
    - MaterialComponents/private/Application
    - MaterialComponents/private/KeyboardWatcher
    - MaterialComponents/private/Overlay
    - MaterialComponents/Typography
  - MaterialComponents/Typography (23.0.0):
    - MaterialComponents/private/Application
  - MDFTextAccessibility (1.2.0)
  - Nimble (6.0.1)
  - OHHTTPStubs (5.2.3):
    - OHHTTPStubs/Default (= 5.2.3)
  - OHHTTPStubs/Core (5.2.3)
  - OHHTTPStubs/Default (5.2.3):
    - OHHTTPStubs/Core
    - OHHTTPStubs/JSON
    - OHHTTPStubs/NSURLSession
    - OHHTTPStubs/OHPathHelpers
  - OHHTTPStubs/JSON (5.2.3):
    - OHHTTPStubs/Core
  - OHHTTPStubs/NSURLSession (5.2.3):
    - OHHTTPStubs/Core
  - OHHTTPStubs/OHPathHelpers (5.2.3)
  - Quick (1.1.0)

DEPENDENCIES:
  - Crashlytics (= 3.8.4)
  - Fabric (= 1.6.11)
  - FBSnapshotTestCase (= 2.1.4)
  - Google/Analytics
  - GoogleMaps (= 2.2.0)
  - MaterialComponents/Buttons (= 23.0.0)
  - MaterialComponents/Snackbar (= 23.0.0)
  - MaterialComponents/Typography (= 23.0.0)
  - Nimble (= 6.0.1)
  - OHHTTPStubs (= 5.2.3)
  - Quick (= 1.1.0)

SPEC CHECKSUMS:
  Crashlytics: 79e236942ca1e7fc641df1feb9a275360a78ab6a
  Fabric: 5911403591946b8228ab1c51d98f1d7137e863c6
  FBSnapshotTestCase: '094f9f314decbabe373b87cc339bea235a63e07a'
  FirebaseAnalytics: 0d1b7d81d5021155be37702a94ba1ec16d45365d
  FirebaseCore: a024587e43778508700af8c6b1209f7c4516ba02
  FirebaseInstanceID: 2d0518b1378fe9d685ef40cbdd63d2fdc1125339
  Google: 813c467362eabc11385f5a5cc9ad0cb651a58f4e
  GoogleAnalytics: f42cc53a87a51fe94334821868d9c8481ff47a7b
  GoogleMaps: 104c418d61ab8a05dff06ed0784c25ea9d37da45
  GoogleToolboxForMac: 8e329f1b599f2512c6b10676d45736bcc2cbbeb0
  MaterialComponents: fb0c07cfd26598f3e988fe1cb02375228ab97c4b
  MDFTextAccessibility: 94098925e0853551c5a311ce7c1ecefbe297cdb6
  Nimble: 1527fd1bd2b4cf0636251a36bc8ab37e81da8347
  OHHTTPStubs: e238cd5b66d8efa51c861db45895de8fe079f4a7
  Quick: dafc587e21eed9f4cab3249b9f9015b0b7a7f71d

PODFILE CHECKSUM: ceaa416050bad19ad9df27fae8d3f8e7d91db583

COCOAPODS: 1.2.0
