PODS:
  - GoogleAnalytics (3.14.0)
  - GoogleMaps (1.12.3)
  - HexColors (2.3.0)
  - Nimble (3.0.0)
  - OHHTTPStubs (4.7.1):
    - OHHTTPStubs/Default (= 4.7.1)
  - OHHTTPStubs/Core (4.7.1)
  - OHHTTPStubs/Default (4.7.1):
    - OHHTTPStubs/Core
    - OHHTTPStubs/JSON
    - OHHTTPStubs/NSURLSession
    - OHHTTPStubs/OHPathHelpers
  - OHHTTPStubs/JSON (4.7.1):
    - OHHTTPStubs/Core
  - OHHTTPStubs/NSURLSession (4.7.1):
    - OHHTTPStubs/Core
  - OHHTTPStubs/OHPathHelpers (4.7.1)
  - Quick (0.9.1)
  - ReachabilitySwift (2.3.3)
  - TSMessages (0.9.13):
    - HexColors (~> 2.3.0)

DEPENDENCIES:
  - GoogleAnalytics (= 3.14.0)
  - GoogleMaps (= 1.12.3)
  - Nimble (~> 3.0.0)
  - OHHTTPStubs (~> 4.7.1)
  - Quick (~> 0.9.1)
  - ReachabilitySwift (from `https://github.com/ashleymills/Reachability.swift`)
  - TSMessages (from `https://github.com/KrauseFx/TSMessages.git`)

EXTERNAL SOURCES:
  ReachabilitySwift:
    :git: https://github.com/ashleymills/Reachability.swift
  TSMessages:
    :git: https://github.com/KrauseFx/TSMessages.git

CHECKOUT OPTIONS:
  ReachabilitySwift:
    :commit: cf126c0584a209143c75bf1d0f23fd904891e26e
    :git: https://github.com/ashleymills/Reachability.swift
  TSMessages:
    :commit: e63f23304f781dcadbac31e6d338f3105fb3cd78
    :git: https://github.com/KrauseFx/TSMessages.git

SPEC CHECKSUMS:
  GoogleAnalytics: 9be1afdb8deeac4bb5f13ca7f7d3b9db2a1f43dc
  GoogleMaps: a4ac67918d0b5ba5f6b9893ac80487e357779e6c
  HexColors: 6ad3947c3447a055a3aa8efa859def096351fe5f
  Nimble: 4c353d43735b38b545cbb4cb91504588eb5de926
  OHHTTPStubs: f7d1604d04d37d055460c0ef9af01bb249ded0fa
  Quick: a5221fc21788b6aeda934805e68b061839bc3165
  ReachabilitySwift: e0f6b6f280effb47731acfaaa2d5ffe223703793
  TSMessages: 6e403b790139636c15ab4f51946537095e03e79c

COCOAPODS: 0.39.0
