// !$*UTF8*$!
{
	archiveVersion = 1;
	classes = {
	};
	objectVersion = 46;
	objects = {

/* Begin PBXBuildFile section */
		02C99F49ED538590AF59B9D4 /* Pods.framework in Frameworks */ = {isa = PBXBuildFile; fileRef = C2C2543599204AB4B2D5CCB5 /* Pods.framework */; };
		41079D5F1C4FB33B00BF2CFF /* AboutTitleLabel.swift in Sources */ = {isa = PBXBuildFile; fileRef = 41079D5E1C4FB33B00BF2CFF /* AboutTitleLabel.swift */; };
		41079D601C4FB33B00BF2CFF /* AboutTitleLabel.swift in Sources */ = {isa = PBXBuildFile; fileRef = 41079D5E1C4FB33B00BF2CFF /* AboutTitleLabel.swift */; };
		41079D631C4FBAC300BF2CFF /* AboutViewControllerSpec.swift in Sources */ = {isa = PBXBuildFile; fileRef = 41079D611C4FBAC300BF2CFF /* AboutViewControllerSpec.swift */; };
		41079D661C4FBBA000BF2CFF /* StoryboardExtensions.swift in Sources */ = {isa = PBXBuildFile; fileRef = 41079D651C4FBBA000BF2CFF /* StoryboardExtensions.swift */; };
		41079D671C4FBCC300BF2CFF /* AboutViewController.swift in Sources */ = {isa = PBXBuildFile; fileRef = 41237C0F1C4921070007F76B /* AboutViewController.swift */; };
		41079D681C4FBE6700BF2CFF /* MapViewController.swift in Sources */ = {isa = PBXBuildFile; fileRef = 41237C111C4921210007F76B /* MapViewController.swift */; };
		410AFEE21C4D980F007DF354 /* MapModelSpec.swift in Sources */ = {isa = PBXBuildFile; fileRef = 410AFEE11C4D980F007DF354 /* MapModelSpec.swift */; };
		410AFEE51C4D9930007DF354 /* MapViewControllerSpec.swift in Sources */ = {isa = PBXBuildFile; fileRef = 410AFEE41C4D9930007DF354 /* MapViewControllerSpec.swift */; };
		410AFEE71C4D9B0F007DF354 /* PListHelper.swift in Sources */ = {isa = PBXBuildFile; fileRef = 410AFEE61C4D9B0F007DF354 /* PListHelper.swift */; };
		410AFEE81C4D9E0C007DF354 /* PListHelper.swift in Sources */ = {isa = PBXBuildFile; fileRef = 410AFEE61C4D9B0F007DF354 /* PListHelper.swift */; };
		41237BE81C486CDF0007F76B /* AppDelegate.swift in Sources */ = {isa = PBXBuildFile; fileRef = 41237BE71C486CDF0007F76B /* AppDelegate.swift */; };
		41237BEF1C486CDF0007F76B /* Main.storyboard in Resources */ = {isa = PBXBuildFile; fileRef = 41237BED1C486CDF0007F76B /* Main.storyboard */; };
		41237BF11C486CDF0007F76B /* Assets.xcassets in Resources */ = {isa = PBXBuildFile; fileRef = 41237BF01C486CDF0007F76B /* Assets.xcassets */; };
		41237BF41C486CDF0007F76B /* LaunchScreen.storyboard in Resources */ = {isa = PBXBuildFile; fileRef = 41237BF21C486CDF0007F76B /* LaunchScreen.storyboard */; };
		41237C0B1C4871FD0007F76B /* trail.kml in Resources */ = {isa = PBXBuildFile; fileRef = 41237C0A1C4871FD0007F76B /* trail.kml */; };
		41237C101C4921070007F76B /* AboutViewController.swift in Sources */ = {isa = PBXBuildFile; fileRef = 41237C0F1C4921070007F76B /* AboutViewController.swift */; };
		41237C121C4921210007F76B /* MapViewController.swift in Sources */ = {isa = PBXBuildFile; fileRef = 41237C111C4921210007F76B /* MapViewController.swift */; };
		41237C141C49213F0007F76B /* PlacemarkViewController.swift in Sources */ = {isa = PBXBuildFile; fileRef = 41237C131C49213F0007F76B /* PlacemarkViewController.swift */; };
		41237C161C4921550007F76B /* WikipediaViewController.swift in Sources */ = {isa = PBXBuildFile; fileRef = 41237C151C4921550007F76B /* WikipediaViewController.swift */; };
		41237C181C4921690007F76B /* StreetViewViewController.swift in Sources */ = {isa = PBXBuildFile; fileRef = 41237C171C4921690007F76B /* StreetViewViewController.swift */; };
		41237C1A1C4921E50007F76B /* MapModel.swift in Sources */ = {isa = PBXBuildFile; fileRef = 41237C191C4921E50007F76B /* MapModel.swift */; };
		41237C1C1C4923D20007F76B /* Trail.swift in Sources */ = {isa = PBXBuildFile; fileRef = 41237C1B1C4923D20007F76B /* Trail.swift */; };
		41237C211C49244D0007F76B /* TrailParser.swift in Sources */ = {isa = PBXBuildFile; fileRef = 41237C201C49244D0007F76B /* TrailParser.swift */; };
		415095441C4DA11C00681F82 /* PListHelperSpec.swift in Sources */ = {isa = PBXBuildFile; fileRef = 415095431C4DA11C00681F82 /* PListHelperSpec.swift */; };
		41691D221C4C0034009A03B3 /* TrailParserSpec.swift in Sources */ = {isa = PBXBuildFile; fileRef = 41691D211C4C0034009A03B3 /* TrailParserSpec.swift */; };
		41691D231C4C036B009A03B3 /* Trail.swift in Sources */ = {isa = PBXBuildFile; fileRef = 41237C1B1C4923D20007F76B /* Trail.swift */; };
		41691D241C4C036B009A03B3 /* TrailParser.swift in Sources */ = {isa = PBXBuildFile; fileRef = 41237C201C49244D0007F76B /* TrailParser.swift */; };
		41691D251C4C0379009A03B3 /* AppDelegate.swift in Sources */ = {isa = PBXBuildFile; fileRef = 41237BE71C486CDF0007F76B /* AppDelegate.swift */; };
		41691D261C4C0379009A03B3 /* MapModel.swift in Sources */ = {isa = PBXBuildFile; fileRef = 41237C191C4921E50007F76B /* MapModel.swift */; };
		41CB50E01C4EFDE000FFBD9E /* ApplicationSharedState.swift in Sources */ = {isa = PBXBuildFile; fileRef = 41CB50DF1C4EFDE000FFBD9E /* ApplicationSharedState.swift */; };
		41CB50E11C4EFF9400FFBD9E /* ApplicationSharedState.swift in Sources */ = {isa = PBXBuildFile; fileRef = 41CB50DF1C4EFDE000FFBD9E /* ApplicationSharedState.swift */; };
		41CB50E31C4EFFCB00FFBD9E /* ApplicationSharedStateSpec.swift in Sources */ = {isa = PBXBuildFile; fileRef = 41CB50E21C4EFFCB00FFBD9E /* ApplicationSharedStateSpec.swift */; };
		CF369AA8CC8EC25E478A4126 /* Pods_BostonFreedomTrailTests.framework in Frameworks */ = {isa = PBXBuildFile; fileRef = 46AA9BCBD90861D8BFC31F64 /* Pods_BostonFreedomTrailTests.framework */; };
/* End PBXBuildFile section */

/* Begin PBXContainerItemProxy section */
		41237BFB1C486CDF0007F76B /* PBXContainerItemProxy */ = {
			isa = PBXContainerItemProxy;
			containerPortal = 41237BDC1C486CDF0007F76B /* Project object */;
			proxyType = 1;
			remoteGlobalIDString = 41237BE31C486CDF0007F76B;
			remoteInfo = BostonFreedomTrail;
		};
/* End PBXContainerItemProxy section */

/* Begin PBXFileReference section */
		41079D5E1C4FB33B00BF2CFF /* AboutTitleLabel.swift */ = {isa = PBXFileReference; fileEncoding = 4; lastKnownFileType = sourcecode.swift; path = AboutTitleLabel.swift; sourceTree = "<group>"; };
		41079D611C4FBAC300BF2CFF /* AboutViewControllerSpec.swift */ = {isa = PBXFileReference; fileEncoding = 4; lastKnownFileType = sourcecode.swift; path = AboutViewControllerSpec.swift; sourceTree = "<group>"; };
		41079D651C4FBBA000BF2CFF /* StoryboardExtensions.swift */ = {isa = PBXFileReference; fileEncoding = 4; lastKnownFileType = sourcecode.swift; path = StoryboardExtensions.swift; sourceTree = "<group>"; };
		410AFEE11C4D980F007DF354 /* MapModelSpec.swift */ = {isa = PBXFileReference; fileEncoding = 4; lastKnownFileType = sourcecode.swift; path = MapModelSpec.swift; sourceTree = "<group>"; };
		410AFEE41C4D9930007DF354 /* MapViewControllerSpec.swift */ = {isa = PBXFileReference; fileEncoding = 4; lastKnownFileType = sourcecode.swift; path = MapViewControllerSpec.swift; sourceTree = "<group>"; };
		410AFEE61C4D9B0F007DF354 /* PListHelper.swift */ = {isa = PBXFileReference; fileEncoding = 4; lastKnownFileType = sourcecode.swift; path = PListHelper.swift; sourceTree = "<group>"; };
		41237BE41C486CDF0007F76B /* BostonFreedomTrail.app */ = {isa = PBXFileReference; explicitFileType = wrapper.application; includeInIndex = 0; path = BostonFreedomTrail.app; sourceTree = BUILT_PRODUCTS_DIR; };
		41237BE71C486CDF0007F76B /* AppDelegate.swift */ = {isa = PBXFileReference; lastKnownFileType = sourcecode.swift; path = AppDelegate.swift; sourceTree = "<group>"; };
		41237BEE1C486CDF0007F76B /* Base */ = {isa = PBXFileReference; lastKnownFileType = file.storyboard; name = Base; path = Base.lproj/Main.storyboard; sourceTree = "<group>"; };
		41237BF01C486CDF0007F76B /* Assets.xcassets */ = {isa = PBXFileReference; lastKnownFileType = folder.assetcatalog; path = Assets.xcassets; sourceTree = "<group>"; };
		41237BF31C486CDF0007F76B /* Base */ = {isa = PBXFileReference; lastKnownFileType = file.storyboard; name = Base; path = Base.lproj/LaunchScreen.storyboard; sourceTree = "<group>"; };
		41237BF51C486CDF0007F76B /* Info.plist */ = {isa = PBXFileReference; lastKnownFileType = text.plist.xml; path = Info.plist; sourceTree = "<group>"; };
		41237BFA1C486CDF0007F76B /* BostonFreedomTrail.xctest */ = {isa = PBXFileReference; explicitFileType = wrapper.cfbundle; includeInIndex = 0; path = BostonFreedomTrail.xctest; sourceTree = BUILT_PRODUCTS_DIR; };
		41237C001C486CDF0007F76B /* Info.plist */ = {isa = PBXFileReference; lastKnownFileType = text.plist.xml; path = Info.plist; sourceTree = "<group>"; };
		41237C0A1C4871FD0007F76B /* trail.kml */ = {isa = PBXFileReference; fileEncoding = 4; lastKnownFileType = text.xml; path = trail.kml; sourceTree = "<group>"; };
		41237C0F1C4921070007F76B /* AboutViewController.swift */ = {isa = PBXFileReference; fileEncoding = 4; lastKnownFileType = sourcecode.swift; path = AboutViewController.swift; sourceTree = "<group>"; };
		41237C111C4921210007F76B /* MapViewController.swift */ = {isa = PBXFileReference; fileEncoding = 4; lastKnownFileType = sourcecode.swift; path = MapViewController.swift; sourceTree = "<group>"; };
		41237C131C49213F0007F76B /* PlacemarkViewController.swift */ = {isa = PBXFileReference; fileEncoding = 4; lastKnownFileType = sourcecode.swift; path = PlacemarkViewController.swift; sourceTree = "<group>"; };
		41237C151C4921550007F76B /* WikipediaViewController.swift */ = {isa = PBXFileReference; fileEncoding = 4; lastKnownFileType = sourcecode.swift; path = WikipediaViewController.swift; sourceTree = "<group>"; };
		41237C171C4921690007F76B /* StreetViewViewController.swift */ = {isa = PBXFileReference; fileEncoding = 4; lastKnownFileType = sourcecode.swift; path = StreetViewViewController.swift; sourceTree = "<group>"; };
		41237C191C4921E50007F76B /* MapModel.swift */ = {isa = PBXFileReference; fileEncoding = 4; lastKnownFileType = sourcecode.swift; path = MapModel.swift; sourceTree = "<group>"; };
		41237C1B1C4923D20007F76B /* Trail.swift */ = {isa = PBXFileReference; fileEncoding = 4; lastKnownFileType = sourcecode.swift; path = Trail.swift; sourceTree = "<group>"; };
		41237C201C49244D0007F76B /* TrailParser.swift */ = {isa = PBXFileReference; fileEncoding = 4; lastKnownFileType = sourcecode.swift; path = TrailParser.swift; sourceTree = "<group>"; };
		415095431C4DA11C00681F82 /* PListHelperSpec.swift */ = {isa = PBXFileReference; fileEncoding = 4; lastKnownFileType = sourcecode.swift; path = PListHelperSpec.swift; sourceTree = "<group>"; };
		41691D211C4C0034009A03B3 /* TrailParserSpec.swift */ = {isa = PBXFileReference; fileEncoding = 4; lastKnownFileType = sourcecode.swift; path = TrailParserSpec.swift; sourceTree = "<group>"; };
		41CB50DF1C4EFDE000FFBD9E /* ApplicationSharedState.swift */ = {isa = PBXFileReference; fileEncoding = 4; lastKnownFileType = sourcecode.swift; path = ApplicationSharedState.swift; sourceTree = "<group>"; };
		41CB50E21C4EFFCB00FFBD9E /* ApplicationSharedStateSpec.swift */ = {isa = PBXFileReference; fileEncoding = 4; lastKnownFileType = sourcecode.swift; path = ApplicationSharedStateSpec.swift; sourceTree = "<group>"; };
		41CB50E41C4F063A00FFBD9E /* CoreLocation.framework */ = {isa = PBXFileReference; lastKnownFileType = wrapper.framework; name = CoreLocation.framework; path = System/Library/Frameworks/CoreLocation.framework; sourceTree = SDKROOT; };
		46AA9BCBD90861D8BFC31F64 /* Pods_BostonFreedomTrailTests.framework */ = {isa = PBXFileReference; explicitFileType = wrapper.framework; includeInIndex = 0; path = Pods_BostonFreedomTrailTests.framework; sourceTree = BUILT_PRODUCTS_DIR; };
		9F7E77009F744B3C6A681368 /* Pods-BostonFreedomTrailTests.debug.xcconfig */ = {isa = PBXFileReference; includeInIndex = 1; lastKnownFileType = text.xcconfig; name = "Pods-BostonFreedomTrailTests.debug.xcconfig"; path = "Pods/Target Support Files/Pods-BostonFreedomTrailTests/Pods-BostonFreedomTrailTests.debug.xcconfig"; sourceTree = "<group>"; };
		AF363DE63FB716C518554FBA /* Pods.debug.xcconfig */ = {isa = PBXFileReference; includeInIndex = 1; lastKnownFileType = text.xcconfig; name = Pods.debug.xcconfig; path = "Pods/Target Support Files/Pods/Pods.debug.xcconfig"; sourceTree = "<group>"; };
		C2C2543599204AB4B2D5CCB5 /* Pods.framework */ = {isa = PBXFileReference; explicitFileType = wrapper.framework; includeInIndex = 0; path = Pods.framework; sourceTree = BUILT_PRODUCTS_DIR; };
		DCADC52A6E0EF11BA0B373CC /* Pods-BostonFreedomTrailTests.release.xcconfig */ = {isa = PBXFileReference; includeInIndex = 1; lastKnownFileType = text.xcconfig; name = "Pods-BostonFreedomTrailTests.release.xcconfig"; path = "Pods/Target Support Files/Pods-BostonFreedomTrailTests/Pods-BostonFreedomTrailTests.release.xcconfig"; sourceTree = "<group>"; };
		EFD3B8AB5645EDE10FDEEAA7 /* Pods.release.xcconfig */ = {isa = PBXFileReference; includeInIndex = 1; lastKnownFileType = text.xcconfig; name = Pods.release.xcconfig; path = "Pods/Target Support Files/Pods/Pods.release.xcconfig"; sourceTree = "<group>"; };
/* End PBXFileReference section */

/* Begin PBXFrameworksBuildPhase section */
		41237BE11C486CDF0007F76B /* Frameworks */ = {
			isa = PBXFrameworksBuildPhase;
			buildActionMask = 2147483647;
			files = (
				02C99F49ED538590AF59B9D4 /* Pods.framework in Frameworks */,
			);
			runOnlyForDeploymentPostprocessing = 0;
		};
		41237BF71C486CDF0007F76B /* Frameworks */ = {
			isa = PBXFrameworksBuildPhase;
			buildActionMask = 2147483647;
			files = (
				CF369AA8CC8EC25E478A4126 /* Pods_BostonFreedomTrailTests.framework in Frameworks */,
			);
			runOnlyForDeploymentPostprocessing = 0;
		};
/* End PBXFrameworksBuildPhase section */

/* Begin PBXGroup section */
		41079D641C4FBB7300BF2CFF /* TestUtilities */ = {
			isa = PBXGroup;
			children = (
				41079D651C4FBBA000BF2CFF /* StoryboardExtensions.swift */,
			);
			path = TestUtilities;
			sourceTree = "<group>";
		};
		410AFEE01C4D97F4007DF354 /* Model */ = {
			isa = PBXGroup;
			children = (
				410AFEE11C4D980F007DF354 /* MapModelSpec.swift */,
			);
			path = Model;
			sourceTree = "<group>";
		};
		410AFEE31C4D991A007DF354 /* Controller */ = {
			isa = PBXGroup;
			children = (
				410AFEE41C4D9930007DF354 /* MapViewControllerSpec.swift */,
				41079D611C4FBAC300BF2CFF /* AboutViewControllerSpec.swift */,
			);
			path = Controller;
			sourceTree = "<group>";
		};
		41237BDB1C486CDF0007F76B = {
			isa = PBXGroup;
			children = (
				41237BE61C486CDF0007F76B /* BostonFreedomTrail */,
				41237BFD1C486CDF0007F76B /* BostonFreedomTrailTests */,
				41237BE51C486CDF0007F76B /* Products */,
				CFD8331D401330980D2B232D /* Pods */,
				C0497F188083798A2930EFE1 /* Frameworks */,
			);
			sourceTree = "<group>";
		};
		41237BE51C486CDF0007F76B /* Products */ = {
			isa = PBXGroup;
			children = (
				41237BE41C486CDF0007F76B /* BostonFreedomTrail.app */,
				41237BFA1C486CDF0007F76B /* BostonFreedomTrail.xctest */,
			);
			name = Products;
			sourceTree = "<group>";
		};
		41237BE61C486CDF0007F76B /* BostonFreedomTrail */ = {
			isa = PBXGroup;
			children = (
				41237BE71C486CDF0007F76B /* AppDelegate.swift */,
				41237BF01C486CDF0007F76B /* Assets.xcassets */,
				41237C0E1C4920AF0007F76B /* Controller */,
				41237BF51C486CDF0007F76B /* Info.plist */,
				41237BF21C486CDF0007F76B /* LaunchScreen.storyboard */,
				41237BED1C486CDF0007F76B /* Main.storyboard */,
				41237C0C1C4920A10007F76B /* Model */,
				41237C091C48719F0007F76B /* Resources */,
				41237C1D1C4923E60007F76B /* Utils */,
				41237C0D1C4920A60007F76B /* View */,
			);
			path = BostonFreedomTrail;
			sourceTree = "<group>";
		};
		41237BFD1C486CDF0007F76B /* BostonFreedomTrailTests */ = {
			isa = PBXGroup;
			children = (
				410AFEE31C4D991A007DF354 /* Controller */,
				41237C001C486CDF0007F76B /* Info.plist */,
				410AFEE01C4D97F4007DF354 /* Model */,
				41079D641C4FBB7300BF2CFF /* TestUtilities */,
				41691D201C4C000C009A03B3 /* Utils */,
			);
			path = BostonFreedomTrailTests;
			sourceTree = "<group>";
		};
		41237C091C48719F0007F76B /* Resources */ = {
			isa = PBXGroup;
			children = (
				41237C0A1C4871FD0007F76B /* trail.kml */,
			);
			path = Resources;
			sourceTree = "<group>";
		};
		41237C0C1C4920A10007F76B /* Model */ = {
			isa = PBXGroup;
			children = (
				41237C191C4921E50007F76B /* MapModel.swift */,
				41237C1B1C4923D20007F76B /* Trail.swift */,
			);
			path = Model;
			sourceTree = "<group>";
		};
		41237C0D1C4920A60007F76B /* View */ = {
			isa = PBXGroup;
			children = (
				41079D5E1C4FB33B00BF2CFF /* AboutTitleLabel.swift */,
			);
			path = View;
			sourceTree = "<group>";
		};
		41237C0E1C4920AF0007F76B /* Controller */ = {
			isa = PBXGroup;
			children = (
				41237C0F1C4921070007F76B /* AboutViewController.swift */,
				41237C111C4921210007F76B /* MapViewController.swift */,
				41237C131C49213F0007F76B /* PlacemarkViewController.swift */,
				41237C171C4921690007F76B /* StreetViewViewController.swift */,
				41237C151C4921550007F76B /* WikipediaViewController.swift */,
			);
			path = Controller;
			sourceTree = "<group>";
		};
		41237C1D1C4923E60007F76B /* Utils */ = {
			isa = PBXGroup;
			children = (
				41CB50DF1C4EFDE000FFBD9E /* ApplicationSharedState.swift */,
				410AFEE61C4D9B0F007DF354 /* PListHelper.swift */,
				41237C201C49244D0007F76B /* TrailParser.swift */,
			);
			path = Utils;
			sourceTree = "<group>";
		};
		41691D201C4C000C009A03B3 /* Utils */ = {
			isa = PBXGroup;
			children = (
				41CB50E21C4EFFCB00FFBD9E /* ApplicationSharedStateSpec.swift */,
				415095431C4DA11C00681F82 /* PListHelperSpec.swift */,
				41691D211C4C0034009A03B3 /* TrailParserSpec.swift */,
			);
			path = Utils;
			sourceTree = "<group>";
		};
		C0497F188083798A2930EFE1 /* Frameworks */ = {
			isa = PBXGroup;
			children = (
				41CB50E41C4F063A00FFBD9E /* CoreLocation.framework */,
				C2C2543599204AB4B2D5CCB5 /* Pods.framework */,
				46AA9BCBD90861D8BFC31F64 /* Pods_BostonFreedomTrailTests.framework */,
			);
			name = Frameworks;
			sourceTree = "<group>";
		};
		CFD8331D401330980D2B232D /* Pods */ = {
			isa = PBXGroup;
			children = (
				AF363DE63FB716C518554FBA /* Pods.debug.xcconfig */,
				EFD3B8AB5645EDE10FDEEAA7 /* Pods.release.xcconfig */,
				9F7E77009F744B3C6A681368 /* Pods-BostonFreedomTrailTests.debug.xcconfig */,
				DCADC52A6E0EF11BA0B373CC /* Pods-BostonFreedomTrailTests.release.xcconfig */,
			);
			name = Pods;
			sourceTree = "<group>";
		};
/* End PBXGroup section */

/* Begin PBXNativeTarget section */
		41237BE31C486CDF0007F76B /* BostonFreedomTrail */ = {
			isa = PBXNativeTarget;
			buildConfigurationList = 41237C031C486CDF0007F76B /* Build configuration list for PBXNativeTarget "BostonFreedomTrail" */;
			buildPhases = (
				92295CE4E074960500EBCDA8 /* Check Pods Manifest.lock */,
				41237BE01C486CDF0007F76B /* Sources */,
				41237BE11C486CDF0007F76B /* Frameworks */,
				41237BE21C486CDF0007F76B /* Resources */,
				7D2131569E6BC6A2947B2434 /* Embed Pods Frameworks */,
				AE2B572869515091D3992489 /* Copy Pods Resources */,
			);
			buildRules = (
			);
			dependencies = (
			);
			name = BostonFreedomTrail;
			productName = BostonFreedomTrail;
			productReference = 41237BE41C486CDF0007F76B /* BostonFreedomTrail.app */;
			productType = "com.apple.product-type.application";
		};
		41237BF91C486CDF0007F76B /* BostonFreedomTrailTests */ = {
			isa = PBXNativeTarget;
			buildConfigurationList = 41237C061C486CDF0007F76B /* Build configuration list for PBXNativeTarget "BostonFreedomTrailTests" */;
			buildPhases = (
				ABF7EFDCFC7E5E05A43E14A3 /* Check Pods Manifest.lock */,
				41237BF61C486CDF0007F76B /* Sources */,
				41237BF71C486CDF0007F76B /* Frameworks */,
				41237BF81C486CDF0007F76B /* Resources */,
				C2B536EF84E15C2032606370 /* Embed Pods Frameworks */,
				63F1C7785DE69CAC30AB88B4 /* Copy Pods Resources */,
			);
			buildRules = (
			);
			dependencies = (
				41237BFC1C486CDF0007F76B /* PBXTargetDependency */,
			);
			name = BostonFreedomTrailTests;
			productName = BostonFreedomTrailTests;
			productReference = 41237BFA1C486CDF0007F76B /* BostonFreedomTrail.xctest */;
			productType = "com.apple.product-type.bundle.unit-test";
		};
/* End PBXNativeTarget section */

/* Begin PBXProject section */
		41237BDC1C486CDF0007F76B /* Project object */ = {
			isa = PBXProject;
			attributes = {
				LastSwiftUpdateCheck = 0720;
				LastUpgradeCheck = 0720;
				ORGANIZATIONNAME = UpwardsNorthwards;
				TargetAttributes = {
					41237BE31C486CDF0007F76B = {
						CreatedOnToolsVersion = 7.2;
					};
					41237BF91C486CDF0007F76B = {
						CreatedOnToolsVersion = 7.2;
						TestTargetID = 41237BE31C486CDF0007F76B;
					};
				};
			};
			buildConfigurationList = 41237BDF1C486CDF0007F76B /* Build configuration list for PBXProject "BostonFreedomTrail" */;
			compatibilityVersion = "Xcode 3.2";
			developmentRegion = English;
			hasScannedForEncodings = 0;
			knownRegions = (
				en,
				Base,
			);
			mainGroup = 41237BDB1C486CDF0007F76B;
			productRefGroup = 41237BE51C486CDF0007F76B /* Products */;
			projectDirPath = "";
			projectRoot = "";
			targets = (
				41237BE31C486CDF0007F76B /* BostonFreedomTrail */,
				41237BF91C486CDF0007F76B /* BostonFreedomTrailTests */,
			);
		};
/* End PBXProject section */

/* Begin PBXResourcesBuildPhase section */
		41237BE21C486CDF0007F76B /* Resources */ = {
			isa = PBXResourcesBuildPhase;
			buildActionMask = 2147483647;
			files = (
				41237BF41C486CDF0007F76B /* LaunchScreen.storyboard in Resources */,
				41237BF11C486CDF0007F76B /* Assets.xcassets in Resources */,
				41237BEF1C486CDF0007F76B /* Main.storyboard in Resources */,
				41237C0B1C4871FD0007F76B /* trail.kml in Resources */,
			);
			runOnlyForDeploymentPostprocessing = 0;
		};
		41237BF81C486CDF0007F76B /* Resources */ = {
			isa = PBXResourcesBuildPhase;
			buildActionMask = 2147483647;
			files = (
			);
			runOnlyForDeploymentPostprocessing = 0;
		};
/* End PBXResourcesBuildPhase section */

/* Begin PBXShellScriptBuildPhase section */
		63F1C7785DE69CAC30AB88B4 /* Copy Pods Resources */ = {
			isa = PBXShellScriptBuildPhase;
			buildActionMask = 2147483647;
			files = (
			);
			inputPaths = (
			);
			name = "Copy Pods Resources";
			outputPaths = (
			);
			runOnlyForDeploymentPostprocessing = 0;
			shellPath = /bin/sh;
			shellScript = "\"${SRCROOT}/Pods/Target Support Files/Pods-BostonFreedomTrailTests/Pods-BostonFreedomTrailTests-resources.sh\"\n";
			showEnvVarsInLog = 0;
		};
		7D2131569E6BC6A2947B2434 /* Embed Pods Frameworks */ = {
			isa = PBXShellScriptBuildPhase;
			buildActionMask = 2147483647;
			files = (
			);
			inputPaths = (
			);
			name = "Embed Pods Frameworks";
			outputPaths = (
			);
			runOnlyForDeploymentPostprocessing = 0;
			shellPath = /bin/sh;
			shellScript = "\"${SRCROOT}/Pods/Target Support Files/Pods/Pods-frameworks.sh\"\n";
			showEnvVarsInLog = 0;
		};
		92295CE4E074960500EBCDA8 /* Check Pods Manifest.lock */ = {
			isa = PBXShellScriptBuildPhase;
			buildActionMask = 2147483647;
			files = (
			);
			inputPaths = (
			);
			name = "Check Pods Manifest.lock";
			outputPaths = (
			);
			runOnlyForDeploymentPostprocessing = 0;
			shellPath = /bin/sh;
			shellScript = "diff \"${PODS_ROOT}/../Podfile.lock\" \"${PODS_ROOT}/Manifest.lock\" > /dev/null\nif [[ $? != 0 ]] ; then\n    cat << EOM\nerror: The sandbox is not in sync with the Podfile.lock. Run 'pod install' or update your CocoaPods installation.\nEOM\n    exit 1\nfi\n";
			showEnvVarsInLog = 0;
		};
		ABF7EFDCFC7E5E05A43E14A3 /* Check Pods Manifest.lock */ = {
			isa = PBXShellScriptBuildPhase;
			buildActionMask = 2147483647;
			files = (
			);
			inputPaths = (
			);
			name = "Check Pods Manifest.lock";
			outputPaths = (
			);
			runOnlyForDeploymentPostprocessing = 0;
			shellPath = /bin/sh;
			shellScript = "diff \"${PODS_ROOT}/../Podfile.lock\" \"${PODS_ROOT}/Manifest.lock\" > /dev/null\nif [[ $? != 0 ]] ; then\n    cat << EOM\nerror: The sandbox is not in sync with the Podfile.lock. Run 'pod install' or update your CocoaPods installation.\nEOM\n    exit 1\nfi\n";
			showEnvVarsInLog = 0;
		};
		AE2B572869515091D3992489 /* Copy Pods Resources */ = {
			isa = PBXShellScriptBuildPhase;
			buildActionMask = 2147483647;
			files = (
			);
			inputPaths = (
			);
			name = "Copy Pods Resources";
			outputPaths = (
			);
			runOnlyForDeploymentPostprocessing = 0;
			shellPath = /bin/sh;
			shellScript = "\"${SRCROOT}/Pods/Target Support Files/Pods/Pods-resources.sh\"\n";
			showEnvVarsInLog = 0;
		};
		C2B536EF84E15C2032606370 /* Embed Pods Frameworks */ = {
			isa = PBXShellScriptBuildPhase;
			buildActionMask = 2147483647;
			files = (
			);
			inputPaths = (
			);
			name = "Embed Pods Frameworks";
			outputPaths = (
			);
			runOnlyForDeploymentPostprocessing = 0;
			shellPath = /bin/sh;
			shellScript = "\"${SRCROOT}/Pods/Target Support Files/Pods-BostonFreedomTrailTests/Pods-BostonFreedomTrailTests-frameworks.sh\"\n";
			showEnvVarsInLog = 0;
		};
/* End PBXShellScriptBuildPhase section */

/* Begin PBXSourcesBuildPhase section */
		41237BE01C486CDF0007F76B /* Sources */ = {
			isa = PBXSourcesBuildPhase;
			buildActionMask = 2147483647;
			files = (
				41237C1A1C4921E50007F76B /* MapModel.swift in Sources */,
				41079D5F1C4FB33B00BF2CFF /* AboutTitleLabel.swift in Sources */,
				41237C141C49213F0007F76B /* PlacemarkViewController.swift in Sources */,
				41237C1C1C4923D20007F76B /* Trail.swift in Sources */,
				41237C211C49244D0007F76B /* TrailParser.swift in Sources */,
				41237C181C4921690007F76B /* StreetViewViewController.swift in Sources */,
				41237C161C4921550007F76B /* WikipediaViewController.swift in Sources */,
				41237BE81C486CDF0007F76B /* AppDelegate.swift in Sources */,
				41CB50E01C4EFDE000FFBD9E /* ApplicationSharedState.swift in Sources */,
				41237C101C4921070007F76B /* AboutViewController.swift in Sources */,
				410AFEE71C4D9B0F007DF354 /* PListHelper.swift in Sources */,
				41237C121C4921210007F76B /* MapViewController.swift in Sources */,
			);
			runOnlyForDeploymentPostprocessing = 0;
		};
		41237BF61C486CDF0007F76B /* Sources */ = {
			isa = PBXSourcesBuildPhase;
			buildActionMask = 2147483647;
			files = (
				41CB50E31C4EFFCB00FFBD9E /* ApplicationSharedStateSpec.swift in Sources */,
				41079D631C4FBAC300BF2CFF /* AboutViewControllerSpec.swift in Sources */,
				41079D601C4FB33B00BF2CFF /* AboutTitleLabel.swift in Sources */,
				41079D671C4FBCC300BF2CFF /* AboutViewController.swift in Sources */,
				415095441C4DA11C00681F82 /* PListHelperSpec.swift in Sources */,
				410AFEE81C4D9E0C007DF354 /* PListHelper.swift in Sources */,
				410AFEE51C4D9930007DF354 /* MapViewControllerSpec.swift in Sources */,
				41CB50E11C4EFF9400FFBD9E /* ApplicationSharedState.swift in Sources */,
				41691D251C4C0379009A03B3 /* AppDelegate.swift in Sources */,
				41691D261C4C0379009A03B3 /* MapModel.swift in Sources */,
				41691D231C4C036B009A03B3 /* Trail.swift in Sources */,
				41079D661C4FBBA000BF2CFF /* StoryboardExtensions.swift in Sources */,
				41691D241C4C036B009A03B3 /* TrailParser.swift in Sources */,
				41691D221C4C0034009A03B3 /* TrailParserSpec.swift in Sources */,
				410AFEE21C4D980F007DF354 /* MapModelSpec.swift in Sources */,
				41079D681C4FBE6700BF2CFF /* MapViewController.swift in Sources */,
			);
			runOnlyForDeploymentPostprocessing = 0;
		};
/* End PBXSourcesBuildPhase section */

/* Begin PBXTargetDependency section */
		41237BFC1C486CDF0007F76B /* PBXTargetDependency */ = {
			isa = PBXTargetDependency;
			target = 41237BE31C486CDF0007F76B /* BostonFreedomTrail */;
			targetProxy = 41237BFB1C486CDF0007F76B /* PBXContainerItemProxy */;
		};
/* End PBXTargetDependency section */

/* Begin PBXVariantGroup section */
		41237BED1C486CDF0007F76B /* Main.storyboard */ = {
			isa = PBXVariantGroup;
			children = (
				41237BEE1C486CDF0007F76B /* Base */,
			);
			name = Main.storyboard;
			sourceTree = "<group>";
		};
		41237BF21C486CDF0007F76B /* LaunchScreen.storyboard */ = {
			isa = PBXVariantGroup;
			children = (
				41237BF31C486CDF0007F76B /* Base */,
			);
			name = LaunchScreen.storyboard;
			sourceTree = "<group>";
		};
/* End PBXVariantGroup section */

/* Begin XCBuildConfiguration section */
		41237C011C486CDF0007F76B /* Debug */ = {
			isa = XCBuildConfiguration;
			buildSettings = {
				ALWAYS_SEARCH_USER_PATHS = NO;
				CLANG_CXX_LANGUAGE_STANDARD = "gnu++0x";
				CLANG_CXX_LIBRARY = "libc++";
				CLANG_ENABLE_MODULES = YES;
				CLANG_ENABLE_OBJC_ARC = YES;
				CLANG_WARN_BOOL_CONVERSION = YES;
				CLANG_WARN_CONSTANT_CONVERSION = YES;
				CLANG_WARN_DIRECT_OBJC_ISA_USAGE = YES_ERROR;
				CLANG_WARN_EMPTY_BODY = YES;
				CLANG_WARN_ENUM_CONVERSION = YES;
				CLANG_WARN_INT_CONVERSION = YES;
				CLANG_WARN_OBJC_ROOT_CLASS = YES_ERROR;
				CLANG_WARN_UNREACHABLE_CODE = YES;
				CLANG_WARN__DUPLICATE_METHOD_MATCH = YES;
				"CODE_SIGN_IDENTITY[sdk=iphoneos*]" = "iPhone Developer";
				COPY_PHASE_STRIP = NO;
				DEBUG_INFORMATION_FORMAT = dwarf;
				ENABLE_STRICT_OBJC_MSGSEND = YES;
				ENABLE_TESTABILITY = YES;
				GCC_C_LANGUAGE_STANDARD = gnu99;
				GCC_DYNAMIC_NO_PIC = NO;
				GCC_NO_COMMON_BLOCKS = YES;
				GCC_OPTIMIZATION_LEVEL = 0;
				GCC_PREPROCESSOR_DEFINITIONS = (
					"DEBUG=1",
					"$(inherited)",
				);
				GCC_WARN_64_TO_32_BIT_CONVERSION = YES;
				GCC_WARN_ABOUT_RETURN_TYPE = YES_ERROR;
				GCC_WARN_UNDECLARED_SELECTOR = YES;
				GCC_WARN_UNINITIALIZED_AUTOS = YES_AGGRESSIVE;
				GCC_WARN_UNUSED_FUNCTION = YES;
				GCC_WARN_UNUSED_VARIABLE = YES;
				IPHONEOS_DEPLOYMENT_TARGET = 9.2;
				MTL_ENABLE_DEBUG_INFO = YES;
				ONLY_ACTIVE_ARCH = YES;
				SDKROOT = iphoneos;
				SWIFT_OPTIMIZATION_LEVEL = "-Onone";
				TARGETED_DEVICE_FAMILY = "1,2";
			};
			name = Debug;
		};
		41237C021C486CDF0007F76B /* Release */ = {
			isa = XCBuildConfiguration;
			buildSettings = {
				ALWAYS_SEARCH_USER_PATHS = NO;
				CLANG_CXX_LANGUAGE_STANDARD = "gnu++0x";
				CLANG_CXX_LIBRARY = "libc++";
				CLANG_ENABLE_MODULES = YES;
				CLANG_ENABLE_OBJC_ARC = YES;
				CLANG_WARN_BOOL_CONVERSION = YES;
				CLANG_WARN_CONSTANT_CONVERSION = YES;
				CLANG_WARN_DIRECT_OBJC_ISA_USAGE = YES_ERROR;
				CLANG_WARN_EMPTY_BODY = YES;
				CLANG_WARN_ENUM_CONVERSION = YES;
				CLANG_WARN_INT_CONVERSION = YES;
				CLANG_WARN_OBJC_ROOT_CLASS = YES_ERROR;
				CLANG_WARN_UNREACHABLE_CODE = YES;
				CLANG_WARN__DUPLICATE_METHOD_MATCH = YES;
				"CODE_SIGN_IDENTITY[sdk=iphoneos*]" = "iPhone Developer";
				COPY_PHASE_STRIP = NO;
				DEBUG_INFORMATION_FORMAT = "dwarf-with-dsym";
				ENABLE_NS_ASSERTIONS = NO;
				ENABLE_STRICT_OBJC_MSGSEND = YES;
				GCC_C_LANGUAGE_STANDARD = gnu99;
				GCC_NO_COMMON_BLOCKS = YES;
				GCC_WARN_64_TO_32_BIT_CONVERSION = YES;
				GCC_WARN_ABOUT_RETURN_TYPE = YES_ERROR;
				GCC_WARN_UNDECLARED_SELECTOR = YES;
				GCC_WARN_UNINITIALIZED_AUTOS = YES_AGGRESSIVE;
				GCC_WARN_UNUSED_FUNCTION = YES;
				GCC_WARN_UNUSED_VARIABLE = YES;
				IPHONEOS_DEPLOYMENT_TARGET = 9.2;
				MTL_ENABLE_DEBUG_INFO = NO;
				SDKROOT = iphoneos;
				TARGETED_DEVICE_FAMILY = "1,2";
				VALIDATE_PRODUCT = YES;
			};
			name = Release;
		};
		41237C041C486CDF0007F76B /* Debug */ = {
			isa = XCBuildConfiguration;
			baseConfigurationReference = AF363DE63FB716C518554FBA /* Pods.debug.xcconfig */;
			buildSettings = {
				ASSETCATALOG_COMPILER_APPICON_NAME = AppIcon;
				INFOPLIST_FILE = BostonFreedomTrail/Info.plist;
				LD_RUNPATH_SEARCH_PATHS = "$(inherited) @executable_path/Frameworks";
				PRODUCT_BUNDLE_IDENTIFIER = com.upwardsnorthwards.BostonFreedomTrail;
				PRODUCT_NAME = BostonFreedomTrail;
				TARGETED_DEVICE_FAMILY = "1,2";
			};
			name = Debug;
		};
		41237C051C486CDF0007F76B /* Release */ = {
			isa = XCBuildConfiguration;
			baseConfigurationReference = EFD3B8AB5645EDE10FDEEAA7 /* Pods.release.xcconfig */;
			buildSettings = {
				ASSETCATALOG_COMPILER_APPICON_NAME = AppIcon;
				INFOPLIST_FILE = BostonFreedomTrail/Info.plist;
				LD_RUNPATH_SEARCH_PATHS = "$(inherited) @executable_path/Frameworks";
				PRODUCT_BUNDLE_IDENTIFIER = com.upwardsnorthwards.BostonFreedomTrail;
				PRODUCT_NAME = BostonFreedomTrail;
				TARGETED_DEVICE_FAMILY = "1,2";
			};
			name = Release;
		};
		41237C071C486CDF0007F76B /* Debug */ = {
			isa = XCBuildConfiguration;
			baseConfigurationReference = 9F7E77009F744B3C6A681368 /* Pods-BostonFreedomTrailTests.debug.xcconfig */;
			buildSettings = {
				BUNDLE_LOADER = "$(TEST_HOST)";
				INFOPLIST_FILE = BostonFreedomTrailTests/Info.plist;
				LD_RUNPATH_SEARCH_PATHS = "$(inherited) @executable_path/Frameworks @loader_path/Frameworks";
				PRODUCT_BUNDLE_IDENTIFIER = com.upwardsnorthwards.BostonFreedomTrailTests;
				PRODUCT_NAME = BostonFreedomTrail;
				TEST_HOST = "$(BUILT_PRODUCTS_DIR)/BostonFreedomTrail.app/BostonFreedomTrail";
			};
			name = Debug;
		};
		41237C081C486CDF0007F76B /* Release */ = {
			isa = XCBuildConfiguration;
			baseConfigurationReference = DCADC52A6E0EF11BA0B373CC /* Pods-BostonFreedomTrailTests.release.xcconfig */;
			buildSettings = {
				BUNDLE_LOADER = "$(TEST_HOST)";
				INFOPLIST_FILE = BostonFreedomTrailTests/Info.plist;
				LD_RUNPATH_SEARCH_PATHS = "$(inherited) @executable_path/Frameworks @loader_path/Frameworks";
				PRODUCT_BUNDLE_IDENTIFIER = com.upwardsnorthwards.BostonFreedomTrailTests;
				PRODUCT_NAME = BostonFreedomTrail;
				TEST_HOST = "$(BUILT_PRODUCTS_DIR)/BostonFreedomTrail.app/BostonFreedomTrail";
			};
			name = Release;
		};
/* End XCBuildConfiguration section */

/* Begin XCConfigurationList section */
		41237BDF1C486CDF0007F76B /* Build configuration list for PBXProject "BostonFreedomTrail" */ = {
			isa = XCConfigurationList;
			buildConfigurations = (
				41237C011C486CDF0007F76B /* Debug */,
				41237C021C486CDF0007F76B /* Release */,
			);
			defaultConfigurationIsVisible = 0;
			defaultConfigurationName = Release;
		};
		41237C031C486CDF0007F76B /* Build configuration list for PBXNativeTarget "BostonFreedomTrail" */ = {
			isa = XCConfigurationList;
			buildConfigurations = (
				41237C041C486CDF0007F76B /* Debug */,
				41237C051C486CDF0007F76B /* Release */,
			);
			defaultConfigurationIsVisible = 0;
			defaultConfigurationName = Release;
		};
		41237C061C486CDF0007F76B /* Build configuration list for PBXNativeTarget "BostonFreedomTrailTests" */ = {
			isa = XCConfigurationList;
			buildConfigurations = (
				41237C071C486CDF0007F76B /* Debug */,
				41237C081C486CDF0007F76B /* Release */,
			);
			defaultConfigurationIsVisible = 0;
			defaultConfigurationName = Release;
		};
/* End XCConfigurationList section */
	};
	rootObject = 41237BDC1C486CDF0007F76B /* Project object */;
}
